
Microsoft Visual Studio Solution File, Format Version 12.00
# Visual Studio 2012
Project("{FAE04EC0-301F-11D3-BF4B-00C04F79EFBC}") = "Vizr", "Vizr\Vizr.csproj", "{C76246EF-95B8-4878-8AE2-DEA0322654EE}"
EndProject
Global
	GlobalSection(SolutionConfigurationPlatforms) = preSolution
		Debug|Any CPU = Debug|Any CPU
		Release|Any CPU = Release|Any CPU
	EndGlobalSection
	GlobalSection(ProjectConfigurationPlatforms) = postSolution
		{C76246EF-95B8-4878-8AE2-DEA0322654EE}.Debug|Any CPU.ActiveCfg = Debug|Any CPU
		{C76246EF-95B8-4878-8AE2-DEA0322654EE}.Debug|Any CPU.Build.0 = Debug|Any CPU
		{C76246EF-95B8-4878-8AE2-DEA0322654EE}.Release|Any CPU.ActiveCfg = Release|Any CPU
		{C76246EF-95B8-4878-8AE2-DEA0322654EE}.Release|Any CPU.Build.0 = Release|Any CPU
	EndGlobalSection
	GlobalSection(SolutionProperties) = preSolution
		HideSolutionNode = FALSE
	EndGlobalSection
EndGlobal
